
Microsoft Visual Studio Solution File, Format Version 12.00
Project("{FAE04EC0-301F-11D3-BF4B-00C04F79EFBC}") = "Imagegram", "Imagegram\Imagegram.csproj", "{80B248CA-67DF-498A-A205-667A6E3FACB8}"
EndProject
Global
	GlobalSection(SolutionConfigurationPlatforms) = preSolution
		Debug|Any CPU = Debug|Any CPU
		Release|Any CPU = Release|Any CPU
	EndGlobalSection
	GlobalSection(ProjectConfigurationPlatforms) = postSolution
		{80B248CA-67DF-498A-A205-667A6E3FACB8}.Debug|Any CPU.ActiveCfg = Debug|Any CPU
		{80B248CA-67DF-498A-A205-667A6E3FACB8}.Debug|Any CPU.Build.0 = Debug|Any CPU
		{80B248CA-67DF-498A-A205-667A6E3FACB8}.Release|Any CPU.ActiveCfg = Release|Any CPU
		{80B248CA-67DF-498A-A205-667A6E3FACB8}.Release|Any CPU.Build.0 = Release|Any CPU
	EndGlobalSection
EndGlobal
